
Microsoft Visual Studio Solution File, Format Version 12.00
# Visual Studio Version 16
VisualStudioVersion = 16.0.31829.152
MinimumVisualStudioVersion = 10.0.40219.1
Project("{FAE04EC0-301F-11D3-BF4B-00C04F79EFBC}") = "18wpf", "18wpf\18wpf.csproj", "{AF6DD697-30E1-404B-B9F9-CDFD87CF6515}"
EndProject
Global
	GlobalSection(SolutionConfigurationPlatforms) = preSolution
		Debug|Any CPU = Debug|Any CPU
		Release|Any CPU = Release|Any CPU
	EndGlobalSection
	GlobalSection(ProjectConfigurationPlatforms) = postSolution
		{AF6DD697-30E1-404B-B9F9-CDFD87CF6515}.Debug|Any CPU.ActiveCfg = Debug|Any CPU
		{AF6DD697-30E1-404B-B9F9-CDFD87CF6515}.Debug|Any CPU.Build.0 = Debug|Any CPU
		{AF6DD697-30E1-404B-B9F9-CDFD87CF6515}.Release|Any CPU.ActiveCfg = Release|Any CPU
		{AF6DD697-30E1-404B-B9F9-CDFD87CF6515}.Release|Any CPU.Build.0 = Release|Any CPU
	EndGlobalSection
	GlobalSection(SolutionProperties) = preSolution
		HideSolutionNode = FALSE
	EndGlobalSection
	GlobalSection(ExtensibilityGlobals) = postSolution
		SolutionGuid = {5A2D8333-3627-44E9-8B9C-F3F92ED31B81}
	EndGlobalSection
EndGlobal
